Microsoft Visual Studio Solution File, Format Version 12.00
# Visual Studio Version 17
VisualStudioVersion = 17.0.31903.59
MinimumVisualStudioVersion = 10.0.40219.1
Project("{2150E333-8FDC-42A3-9474-1A3956D46DE8}") = "src", "src", "{827E0CD3-B72D-47B6-A68D-7590B98EB39B}"
EndProject
Project("{FAE04EC0-301F-11D3-BF4B-00C04F79EFBC}") = "QuentinhasDaTininha.Api", "src\QuentinhasDaTininha.Api\QuentinhasDaTininha.Api.csproj", "{1D4CD728-671F-4A01-997F-9DEB6C2116C7}"
EndProject
Project("{FAE04EC0-301F-11D3-BF4B-00C04F79EFBC}") = "QuentinhasDaTininha.Aplicacao", "src\QuentinhasDaTininha.Aplicacao\QuentinhasDaTininha.Aplicacao.csproj", "{4979127C-7582-4804-A215-240349B13309}"
EndProject
Project("{FAE04EC0-301F-11D3-BF4B-00C04F79EFBC}") = "QuentinhasDaTininha.Dominio", "src\QuentinhasDaTininha.Dominio\QuentinhasDaTininha.Dominio.csproj", "{DD7415FD-4779-4DDC-B50E-2CE501FEAA04}"
EndProject
Project("{FAE04EC0-301F-11D3-BF4B-00C04F79EFBC}") = "QuentinhasDaTininha.Infraestrutura", "src\QuentinhasDaTininha.Infraestrutura\QuentinhasDaTininha.Infraestrutura.csproj", "{ACBB68D5-B12B-42D3-AB5A-3974BDAE262C}"
EndProject
Global
	GlobalSection(SolutionConfigurationPlatforms) = preSolution
		Debug|Any CPU = Debug|Any CPU
		Debug|x64 = Debug|x64
		Debug|x86 = Debug|x86
		Release|Any CPU = Release|Any CPU
		Release|x64 = Release|x64
		Release|x86 = Release|x86
	EndGlobalSection
	GlobalSection(ProjectConfigurationPlatforms) = postSolution
		{1D4CD728-671F-4A01-997F-9DEB6C2116C7}.Debug|Any CPU.ActiveCfg = Debug|Any CPU
		{1D4CD728-671F-4A01-997F-9DEB6C2116C7}.Debug|Any CPU.Build.0 = Debug|Any CPU
		{1D4CD728-671F-4A01-997F-9DEB6C2116C7}.Debug|x64.ActiveCfg = Debug|Any CPU
		{1D4CD728-671F-4A01-997F-9DEB6C2116C7}.Debug|x64.Build.0 = Debug|Any CPU
		{1D4CD728-671F-4A01-997F-9DEB6C2116C7}.Debug|x86.ActiveCfg = Debug|Any CPU
		{1D4CD728-671F-4A01-997F-9DEB6C2116C7}.Debug|x86.Build.0 = Debug|Any CPU
		{1D4CD728-671F-4A01-997F-9DEB6C2116C7}.Release|Any CPU.ActiveCfg = Release|Any CPU
		{1D4CD728-671F-4A01-997F-9DEB6C2116C7}.Release|Any CPU.Build.0 = Release|Any CPU
		{1D4CD728-671F-4A01-997F-9DEB6C2116C7}.Release|x64.ActiveCfg = Release|Any CPU
		{1D4CD728-671F-4A01-997F-9DEB6C2116C7}.Release|x64.Build.0 = Release|Any CPU
		{1D4CD728-671F-4A01-997F-9DEB6C2116C7}.Release|x86.ActiveCfg = Release|Any CPU
		{1D4CD728-671F-4A01-997F-9DEB6C2116C7}.Release|x86.Build.0 = Release|Any CPU
		{4979127C-7582-4804-A215-240349B13309}.Debug|Any CPU.ActiveCfg = Debug|Any CPU
		{4979127C-7582-4804-A215-240349B13309}.Debug|Any CPU.Build.0 = Debug|Any CPU
		{4979127C-7582-4804-A215-240349B13309}.Debug|x64.ActiveCfg = Debug|Any CPU
		{4979127C-7582-4804-A215-240349B13309}.Debug|x64.Build.0 = Debug|Any CPU
		{4979127C-7582-4804-A215-240349B13309}.Debug|x86.ActiveCfg = Debug|Any CPU
		{4979127C-7582-4804-A215-240349B13309}.Debug|x86.Build.0 = Debug|Any CPU
		{4979127C-7582-4804-A215-240349B13309}.Release|Any CPU.ActiveCfg = Release|Any CPU
		{4979127C-7582-4804-A215-240349B13309}.Release|Any CPU.Build.0 = Release|Any CPU
		{4979127C-7582-4804-A215-240349B13309}.Release|x64.ActiveCfg = Release|Any CPU
		{4979127C-7582-4804-A215-240349B13309}.Release|x64.Build.0 = Release|Any CPU
		{4979127C-7582-4804-A215-240349B13309}.Release|x86.ActiveCfg = Release|Any CPU
		{4979127C-7582-4804-A215-240349B13309}.Release|x86.Build.0 = Release|Any CPU
		{DD7415FD-4779-4DDC-B50E-2CE501FEAA04}.Debug|Any CPU.ActiveCfg = Debug|Any CPU
		{DD7415FD-4779-4DDC-B50E-2CE501FEAA04}.Debug|Any CPU.Build.0 = Debug|Any CPU
		{DD7415FD-4779-4DDC-B50E-2CE501FEAA04}.Debug|x64.ActiveCfg = Debug|Any CPU
		{DD7415FD-4779-4DDC-B50E-2CE501FEAA04}.Debug|x64.Build.0 = Debug|Any CPU
		{DD7415FD-4779-4DDC-B50E-2CE501FEAA04}.Debug|x86.ActiveCfg = Debug|Any CPU
		{DD7415FD-4779-4DDC-B50E-2CE501FEAA04}.Debug|x86.Build.0 = Debug|Any CPU
		{DD7415FD-4779-4DDC-B50E-2CE501FEAA04}.Release|Any CPU.ActiveCfg = Release|Any CPU
		{DD7415FD-4779-4DDC-B50E-2CE501FEAA04}.Release|Any CPU.Build.0 = Release|Any CPU
		{DD7415FD-4779-4DDC-B50E-2CE501FEAA04}.Release|x64.ActiveCfg = Release|Any CPU
		{DD7415FD-4779-4DDC-B50E-2CE501FEAA04}.Release|x64.Build.0 = Release|Any CPU
		{DD7415FD-4779-4DDC-B50E-2CE501FEAA04}.Release|x86.ActiveCfg = Release|Any CPU
		{DD7415FD-4779-4DDC-B50E-2CE501FEAA04}.Release|x86.Build.0 = Release|Any CPU
		{ACBB68D5-B12B-42D3-AB5A-3974BDAE262C}.Debug|Any CPU.ActiveCfg = Debug|Any CPU
		{ACBB68D5-B12B-42D3-AB5A-3974BDAE262C}.Debug|Any CPU.Build.0 = Debug|Any CPU
		{ACBB68D5-B12B-42D3-AB5A-3974BDAE262C}.Debug|x64.ActiveCfg = Debug|Any CPU
		{ACBB68D5-B12B-42D3-AB5A-3974BDAE262C}.Debug|x64.Build.0 = Debug|Any CPU
		{ACBB68D5-B12B-42D3-AB5A-3974BDAE262C}.Debug|x86.ActiveCfg = Debug|Any CPU
		{ACBB68D5-B12B-42D3-AB5A-3974BDAE262C}.Debug|x86.Build.0 = Debug|Any CPU
		{ACBB68D5-B12B-42D3-AB5A-3974BDAE262C}.Release|Any CPU.ActiveCfg = Release|Any CPU
		{ACBB68D5-B12B-42D3-AB5A-3974BDAE262C}.Release|Any CPU.Build.0 = Release|Any CPU
		{ACBB68D5-B12B-42D3-AB5A-3974BDAE262C}.Release|x64.ActiveCfg = Release|Any CPU
		{ACBB68D5-B12B-42D3-AB5A-3974BDAE262C}.Release|x64.Build.0 = Release|Any CPU
		{ACBB68D5-B12B-42D3-AB5A-3974BDAE262C}.Release|x86.ActiveCfg = Release|Any CPU
		{ACBB68D5-B12B-42D3-AB5A-3974BDAE262C}.Release|x86.Build.0 = Release|Any CPU
	EndGlobalSection
	GlobalSection(SolutionProperties) = preSolution
		HideSolutionNode = FALSE
	EndGlobalSection
	GlobalSection(NestedProjects) = preSolution
		{1D4CD728-671F-4A01-997F-9DEB6C2116C7} = {827E0CD3-B72D-47B6-A68D-7590B98EB39B}
		{4979127C-7582-4804-A215-240349B13309} = {827E0CD3-B72D-47B6-A68D-7590B98EB39B}
		{DD7415FD-4779-4DDC-B50E-2CE501FEAA04} = {827E0CD3-B72D-47B6-A68D-7590B98EB39B}
		{ACBB68D5-B12B-42D3-AB5A-3974BDAE262C} = {827E0CD3-B72D-47B6-A68D-7590B98EB39B}
	EndGlobalSection
EndGlobal
